<?xml version="1.0" encoding="utf-8"?>
<Project ToolsVersion="4.0" xmlns="http://schemas.microsoft.com/developer/msbuild/2003">
  <ItemGroup>
    <Filter Include="소스 파일">
      <UniqueIdentifier>{4FC737F1-C7A5-4376-A066-2A32D752A2FF}</UniqueIdentifier>
      <Extensions>cpp;c;cc;cxx;c++;cppm;ixx;def;odl;idl;hpj;bat;asm;asmx</Extensions>
    </Filter>
    <Filter Include="헤더 파일">
      <UniqueIdentifier>{93995380-89BD-4b04-88EB-625FBE52EBFB}</UniqueIdentifier>
      <Extensions>h;hh;hpp;hxx;h++;hm;inl;inc;ipp;xsd</Extensions>
    </Filter>
    <Filter Include="리소스 파일">
      <UniqueIdentifier>{67DA6AB6-F800-4c08-8B7A-83BB121AAD01}</UniqueIdentifier>
      <Extensions>rc;ico;cur;bmp;dlg;rc2;rct;bin;rgs;gif;jpg;jpeg;jpe;resx;tiff;tif;png;wav;mfcribbon-ms</Extensions>
    </Filter>
    <Filter Include="소스 파일\Class">
      <UniqueIdentifier>{bcc5bea9-e9e6-42fe-a03a-b4a11ff55edc}</UniqueIdentifier>
    </Filter>
    <Filter Include="리소스 파일\Shader">
      <UniqueIdentifier>{f059a0ca-bf60-49ea-a877-6a29cd36f02a}</UniqueIdentifier>
    </Filter>
    <Filter Include="리소스 파일\Levels">
      <UniqueIdentifier>{dbf464c6-d929-4ced-90bd-c2918e128b8c}</UniqueIdentifier>
    </Filter>
  </ItemGroup>
  <ItemGroup>
    <ClInclude Include="shader.h">
      <Filter>헤더 파일</Filter>
    </ClInclude>
    <ClInclude Include="texture.h">
      <Filter>헤더 파일</Filter>
    </ClInclude>
    <ClInclude Include="game.h">
      <Filter>헤더 파일</Filter>
    </ClInclude>
    <ClInclude Include="resource_manager.h">
      <Filter>헤더 파일</Filter>
    </ClInclude>
    <ClInclude Include="stb_image.h">
      <Filter>헤더 파일</Filter>
    </ClInclude>
    <ClInclude Include="sprite_renderer.h">
      <Filter>헤더 파일</Filter>
    </ClInclude>
    <ClInclude Include="game_object.h">
      <Filter>헤더 파일</Filter>
    </ClInclude>
    <ClInclude Include="game_level.h">
      <Filter>헤더 파일</Filter>
    </ClInclude>
    <ClInclude Include="ball_object.h">
      <Filter>헤더 파일</Filter>
    </ClInclude>
  </ItemGroup>
  <ItemGroup>
    <ClCompile Include="shader.cpp">
      <Filter>소스 파일\Class</Filter>
    </ClCompile>
    <ClCompile Include="game.cpp">
      <Filter>소스 파일\Class</Filter>
    </ClCompile>
    <ClCompile Include="texture.cpp">
      <Filter>소스 파일\Class</Filter>
    </ClCompile>
    <ClCompile Include="glad.c">
      <Filter>소스 파일</Filter>
    </ClCompile>
    <ClCompile Include="resource_manager.cpp">
      <Filter>소스 파일\Class</Filter>
    </ClCompile>
    <ClCompile Include="program.cpp">
      <Filter>소스 파일</Filter>
    </ClCompile>
    <ClCompile Include="sprite_renderer.cpp">
      <Filter>소스 파일\Class</Filter>
    </ClCompile>
    <ClCompile Include="game_object.cpp">
      <Filter>소스 파일\Class</Filter>
    </ClCompile>
    <ClCompile Include="game_level.cpp">
      <Filter>소스 파일\Class</Filter>
    </ClCompile>
    <ClCompile Include="ball_object.cpp">
      <Filter>소스 파일\Class</Filter>
    </ClCompile>
  </ItemGroup>
  <ItemGroup>
    <None Include="shader.vs">
      <Filter>리소스 파일\Shader</Filter>
    </None>
    <None Include="shader.fs">
      <Filter>리소스 파일\Shader</Filter>
    </None>
    <None Include="levels\one.lvl">
      <Filter>리소스 파일\Levels</Filter>
    </None>
    <None Include="levels\two.lvl">
      <Filter>리소스 파일\Levels</Filter>
    </None>
    <None Include="levels\three.lvl">
      <Filter>리소스 파일\Levels</Filter>
    </None>
    <None Include="levels\four.lvl">
      <Filter>리소스 파일\Levels</Filter>
    </None>
  </ItemGroup>
  <ItemGroup>
    <Image Include="textures\awesomeface.png">
      <Filter>리소스 파일</Filter>
    </Image>
  </ItemGroup>
</Project>